
Microsoft Visual Studio Solution File, Format Version 12.00
# Visual Studio 15
VisualStudioVersion = 15.0.28307.168
MinimumVisualStudioVersion = 10.0.40219.1
Project("{FAE04EC0-301F-11D3-BF4B-00C04F79EFBC}") = "C0732136a", "C0732136a\C0732136a.csproj", "{0499108A-34A1-4248-A474-191A9CC6C119}"
EndProject
Global
	GlobalSection(SolutionConfigurationPlatforms) = preSolution
		Debug|Any CPU = Debug|Any CPU
		Release|Any CPU = Release|Any CPU
	EndGlobalSection
	GlobalSection(ProjectConfigurationPlatforms) = postSolution
		{0499108A-34A1-4248-A474-191A9CC6C119}.Debug|Any CPU.ActiveCfg = Debug|Any CPU
		{0499108A-34A1-4248-A474-191A9CC6C119}.Debug|Any CPU.Build.0 = Debug|Any CPU
		{0499108A-34A1-4248-A474-191A9CC6C119}.Release|Any CPU.ActiveCfg = Release|Any CPU
		{0499108A-34A1-4248-A474-191A9CC6C119}.Release|Any CPU.Build.0 = Release|Any CPU
	EndGlobalSection
	GlobalSection(SolutionProperties) = preSolution
		HideSolutionNode = FALSE
	EndGlobalSection
	GlobalSection(ExtensibilityGlobals) = postSolution
		SolutionGuid = {04D0C97A-DFBE-49B5-928D-F30DB9B3FA6B}
	EndGlobalSection
EndGlobal
